
Microsoft Visual Studio Solution File, Format Version 12.00
# Visual Studio Version 17
VisualStudioVersion = 17.3.32811.315
MinimumVisualStudioVersion = 10.0.40219.1
Project("{2150E333-8FDC-42A3-9474-1A3956D46DE8}") = "src", "src", "{A37EAA23-4BF2-441D-BEAB-586322C5EE30}"
EndProject
Project("{2150E333-8FDC-42A3-9474-1A3956D46DE8}") = "tests", "tests", "{4E7B7978-001A-474A-929C-60184EAB698B}"
EndProject
Project("{9A19103F-16F7-4668-BE54-9A1E7A4F7556}") = "NovaShop.Web", "src\NovaShop.Web\NovaShop.Web.csproj", "{8E0FF8EC-DF39-4217-946C-A178598BC42E}"
EndProject
Project("{9A19103F-16F7-4668-BE54-9A1E7A4F7556}") = "NovaShop.Infrastructure", "src\NovaShop.Infrastructure\NovaShop.Infrastructure.csproj", "{8AAEAA8C-E232-41D5-B653-7ABB93803E37}"
EndProject
Project("{9A19103F-16F7-4668-BE54-9A1E7A4F7556}") = "NovaShop.ApplicationCore", "src\NovaShop.ApplicationCore\NovaShop.ApplicationCore.csproj", "{4FB939D5-B94C-44F7-B541-D6ADC2A37C9C}"
EndProject
Project("{FAE04EC0-301F-11D3-BF4B-00C04F79EFBC}") = "NovaShop.SharedKernel", "src\NovaShop.SharedKernel\NovaShop.SharedKernel.csproj", "{D2D0C87E-C810-4117-843E-8081E688D95F}"
EndProject
Global
	GlobalSection(SolutionConfigurationPlatforms) = preSolution
		Debug|Any CPU = Debug|Any CPU
		Release|Any CPU = Release|Any CPU
	EndGlobalSection
	GlobalSection(ProjectConfigurationPlatforms) = postSolution
		{8E0FF8EC-DF39-4217-946C-A178598BC42E}.Debug|Any CPU.ActiveCfg = Debug|Any CPU
		{8E0FF8EC-DF39-4217-946C-A178598BC42E}.Debug|Any CPU.Build.0 = Debug|Any CPU
		{8E0FF8EC-DF39-4217-946C-A178598BC42E}.Release|Any CPU.ActiveCfg = Release|Any CPU
		{8E0FF8EC-DF39-4217-946C-A178598BC42E}.Release|Any CPU.Build.0 = Release|Any CPU
		{8AAEAA8C-E232-41D5-B653-7ABB93803E37}.Debug|Any CPU.ActiveCfg = Debug|Any CPU
		{8AAEAA8C-E232-41D5-B653-7ABB93803E37}.Debug|Any CPU.Build.0 = Debug|Any CPU
		{8AAEAA8C-E232-41D5-B653-7ABB93803E37}.Release|Any CPU.ActiveCfg = Release|Any CPU
		{8AAEAA8C-E232-41D5-B653-7ABB93803E37}.Release|Any CPU.Build.0 = Release|Any CPU
		{4FB939D5-B94C-44F7-B541-D6ADC2A37C9C}.Debug|Any CPU.ActiveCfg = Debug|Any CPU
		{4FB939D5-B94C-44F7-B541-D6ADC2A37C9C}.Debug|Any CPU.Build.0 = Debug|Any CPU
		{4FB939D5-B94C-44F7-B541-D6ADC2A37C9C}.Release|Any CPU.ActiveCfg = Release|Any CPU
		{4FB939D5-B94C-44F7-B541-D6ADC2A37C9C}.Release|Any CPU.Build.0 = Release|Any CPU
		{D2D0C87E-C810-4117-843E-8081E688D95F}.Debug|Any CPU.ActiveCfg = Debug|Any CPU
		{D2D0C87E-C810-4117-843E-8081E688D95F}.Debug|Any CPU.Build.0 = Debug|Any CPU
		{D2D0C87E-C810-4117-843E-8081E688D95F}.Release|Any CPU.ActiveCfg = Release|Any CPU
		{D2D0C87E-C810-4117-843E-8081E688D95F}.Release|Any CPU.Build.0 = Release|Any CPU
	EndGlobalSection
	GlobalSection(SolutionProperties) = preSolution
		HideSolutionNode = FALSE
	EndGlobalSection
	GlobalSection(NestedProjects) = preSolution
		{8E0FF8EC-DF39-4217-946C-A178598BC42E} = {A37EAA23-4BF2-441D-BEAB-586322C5EE30}
		{8AAEAA8C-E232-41D5-B653-7ABB93803E37} = {A37EAA23-4BF2-441D-BEAB-586322C5EE30}
		{4FB939D5-B94C-44F7-B541-D6ADC2A37C9C} = {A37EAA23-4BF2-441D-BEAB-586322C5EE30}
		{D2D0C87E-C810-4117-843E-8081E688D95F} = {A37EAA23-4BF2-441D-BEAB-586322C5EE30}
	EndGlobalSection
	GlobalSection(ExtensibilityGlobals) = postSolution
		SolutionGuid = {46F7FA5E-DB03-4C7D-920A-7E679B075D5C}
	EndGlobalSection
EndGlobal
